<?xml version="1.0" encoding="utf-8"?>
<Project ToolsVersion="4.0" xmlns="http://schemas.microsoft.com/developer/msbuild/2003">
  <ItemGroup>
    <ClCompile Include="AddAdressForm.cpp" />
    <ClCompile Include="AdressObject.cpp" />
    <ClCompile Include="AdressRepo.cpp" />
    <ClCompile Include="ArticleObject.cpp" />
    <ClCompile Include="ArticleRepo.cpp" />
    <ClCompile Include="BDD.cpp" />
    <ClCompile Include="ClientForm.cpp" />
    <ClCompile Include="ClientObject.cpp" />
    <ClCompile Include="ClientRepo.cpp" />
    <ClCompile Include="CommandForm.cpp" />
    <ClCompile Include="CommandForm2.cpp" />
    <ClCompile Include="CommandObject.cpp" />
    <ClCompile Include="CommandRepo.cpp" />
    <ClCompile Include="FormProjet.cpp" />
    <ClCompile Include="ArticleForm.cpp" />
    <ClCompile Include="main.cpp" />
    <ClCompile Include="MainForm.cpp" />
    <ClCompile Include="ModifClientForm.cpp" />
    <ClCompile Include="ModifCommandForm.cpp" />
    <ClCompile Include="ModifArticleForm.cpp" />
    <ClCompile Include="ModifPersonnelForm.cpp" />
    <ClCompile Include="PersonnelForm.cpp" />
    <ClCompile Include="PersonnelObject.cpp" />
    <ClCompile Include="PersonnelRepo.cpp" />
    <ClCompile Include="PrincipalForm.cpp" />
    <ClCompile Include="ReglementObject.cpp" />
    <ClCompile Include="StatisticsForm.cpp" />
    <ClCompile Include="ViewClientForm.cpp" />
    <ClCompile Include="ViewCommandForm.cpp" />
    <ClCompile Include="ViewIArticleForm.cpp" />
    <ClCompile Include="ViewPersonnelForm.cpp" />
    <ClCompile Include="StatisticsRepo.cpp" />
    <ClCompile Include="StatisticsObject.cpp" />
  </ItemGroup>
  <ItemGroup>
    <ClInclude Include="AddAdressForm.h" />
    <ClInclude Include="AdressObject.h" />
    <ClInclude Include="AdressRepo.h" />
    <ClInclude Include="ArticleObject.h" />
    <ClInclude Include="ArticleRepo.h" />
    <ClInclude Include="BDD.h" />
    <ClInclude Include="ClientForm.h" />
    <ClInclude Include="ClientObject.h" />
    <ClInclude Include="ClientRepo.h" />
    <ClInclude Include="CommandForm.h" />
    <ClInclude Include="CommandForm2.h" />
    <ClInclude Include="CommandObject.h" />
    <ClInclude Include="CommandRepo.h" />
    <ClInclude Include="FormProjet.h" />
    <ClInclude Include="ArticleForm.h" />
    <ClInclude Include="MainForm.h" />
    <ClInclude Include="ModifClientForm.h" />
    <ClInclude Include="ModifCommandForm.h" />
    <ClInclude Include="ModifArticleForm.h" />
    <ClInclude Include="ModifPersonnelForm.h" />
    <ClInclude Include="PersonnelForm.h" />
    <ClInclude Include="PersonnelObject.h" />
    <ClInclude Include="PersonnelRepo.h" />
    <ClInclude Include="PrincipalForm.h" />
    <ClInclude Include="ReglementObject.h" />
    <ClInclude Include="StatisticsForm.h" />
    <ClInclude Include="ViewClientForm.h" />
    <ClInclude Include="ViewCommandForm.h" />
    <ClInclude Include="ViewArticleForm.h" />
    <ClInclude Include="ViewPersonnelForm.h" />
    <ClInclude Include="StatisticsRepo.h" />
    <ClInclude Include="StatisticsObject.h" />
  </ItemGroup>
</Project>